
Microsoft Visual Studio Solution File, Format Version 12.00
# Visual Studio Version 17
VisualStudioVersion = 17.5.33424.131
MinimumVisualStudioVersion = 10.0.40219.1
Project("{FAE04EC0-301F-11D3-BF4B-00C04F79EFBC}") = "Bai1_2_3", "Bai1_2_3\Bai1_2_3.csproj", "{0EFF7428-759A-4E6C-AA28-CE9C11CCE868}"
EndProject
Global
	GlobalSection(SolutionConfigurationPlatforms) = preSolution
		Debug|Any CPU = Debug|Any CPU
		Release|Any CPU = Release|Any CPU
	EndGlobalSection
	GlobalSection(ProjectConfigurationPlatforms) = postSolution
		{0EFF7428-759A-4E6C-AA28-CE9C11CCE868}.Debug|Any CPU.ActiveCfg = Debug|Any CPU
		{0EFF7428-759A-4E6C-AA28-CE9C11CCE868}.Debug|Any CPU.Build.0 = Debug|Any CPU
		{0EFF7428-759A-4E6C-AA28-CE9C11CCE868}.Release|Any CPU.ActiveCfg = Release|Any CPU
		{0EFF7428-759A-4E6C-AA28-CE9C11CCE868}.Release|Any CPU.Build.0 = Release|Any CPU
	EndGlobalSection
	GlobalSection(SolutionProperties) = preSolution
		HideSolutionNode = FALSE
	EndGlobalSection
	GlobalSection(ExtensibilityGlobals) = postSolution
		SolutionGuid = {C5503781-4D71-4FB5-8F61-10FD9620A969}
	EndGlobalSection
EndGlobal
