
Microsoft Visual Studio Solution File, Format Version 12.00
# Visual Studio Version 16
VisualStudioVersion = 16.0.29009.5
MinimumVisualStudioVersion = 10.0.40219.1
Project("{FAE04EC0-301F-11D3-BF4B-00C04F79EFBC}") = "Lab7", "Lab7\Lab7.csproj", "{1A79B480-E3B9-4452-B9C2-ABD4A311F2B0}"
EndProject
Global
	GlobalSection(SolutionConfigurationPlatforms) = preSolution
		Debug|Any CPU = Debug|Any CPU
		Release|Any CPU = Release|Any CPU
	EndGlobalSection
	GlobalSection(ProjectConfigurationPlatforms) = postSolution
		{1A79B480-E3B9-4452-B9C2-ABD4A311F2B0}.Debug|Any CPU.ActiveCfg = Debug|Any CPU
		{1A79B480-E3B9-4452-B9C2-ABD4A311F2B0}.Debug|Any CPU.Build.0 = Debug|Any CPU
		{1A79B480-E3B9-4452-B9C2-ABD4A311F2B0}.Release|Any CPU.ActiveCfg = Release|Any CPU
		{1A79B480-E3B9-4452-B9C2-ABD4A311F2B0}.Release|Any CPU.Build.0 = Release|Any CPU
	EndGlobalSection
	GlobalSection(SolutionProperties) = preSolution
		HideSolutionNode = FALSE
	EndGlobalSection
	GlobalSection(ExtensibilityGlobals) = postSolution
		SolutionGuid = {A2978B60-BE88-470D-9CA1-922068CAF81A}
	EndGlobalSection
EndGlobal
